{
  "name": "agents_invest",
  "lockfileVersion": 3,
  "requires": true,
  "packages": {
    "": {
      "dependencies": {
        "@stripe/stripe-js": "^7.4.0"
      }
    },
    "node_modules/@stripe/stripe-js": {
      "version": "7.4.0",
      "resolved": "https://registry.npmjs.org/@stripe/stripe-js/-/stripe-js-7.4.0.tgz",
      "integrity": "sha512-lQHQPfXPTBeh0XFjq6PqSBAyR7umwcJbvJhXV77uGCUDD6ymXJU/f2164ydLMLCCceNuPlbV9b+1smx98efwWQ==",
      "license": "MIT",
      "engines": {
        "node": ">=12.16"
      }
    }
  }
}
